
Microsoft Visual Studio Solution File, Format Version 12.00
# Visual Studio Version 17
VisualStudioVersion = 17.7.34202.233
MinimumVisualStudioVersion = 10.0.40219.1
Project("{9A19103F-16F7-4668-BE54-9A1E7A4F7556}") = "MDigitalLibrary.Identity", "MDigitalLibrary.Identity\MDigitalLibrary.Identity.csproj", "{11989FA4-3555-41C5-878F-FAA4DF0C4546}"
EndProject
Project("{FAE04EC0-301F-11D3-BF4B-00C04F79EFBC}") = "MDigitalLibrary", "MDigitalLibrary\MDigitalLibrary.csproj", "{574FC0CC-4160-460F-8D04-53DBCAE9BB6F}"
EndProject
Global
	GlobalSection(SolutionConfigurationPlatforms) = preSolution
		Debug|Any CPU = Debug|Any CPU
		Release|Any CPU = Release|Any CPU
	EndGlobalSection
	GlobalSection(ProjectConfigurationPlatforms) = postSolution
		{11989FA4-3555-41C5-878F-FAA4DF0C4546}.Debug|Any CPU.ActiveCfg = Debug|Any CPU
		{11989FA4-3555-41C5-878F-FAA4DF0C4546}.Debug|Any CPU.Build.0 = Debug|Any CPU
		{11989FA4-3555-41C5-878F-FAA4DF0C4546}.Release|Any CPU.ActiveCfg = Release|Any CPU
		{11989FA4-3555-41C5-878F-FAA4DF0C4546}.Release|Any CPU.Build.0 = Release|Any CPU
		{574FC0CC-4160-460F-8D04-53DBCAE9BB6F}.Debug|Any CPU.ActiveCfg = Debug|Any CPU
		{574FC0CC-4160-460F-8D04-53DBCAE9BB6F}.Debug|Any CPU.Build.0 = Debug|Any CPU
		{574FC0CC-4160-460F-8D04-53DBCAE9BB6F}.Release|Any CPU.ActiveCfg = Release|Any CPU
		{574FC0CC-4160-460F-8D04-53DBCAE9BB6F}.Release|Any CPU.Build.0 = Release|Any CPU
	EndGlobalSection
	GlobalSection(SolutionProperties) = preSolution
		HideSolutionNode = FALSE
	EndGlobalSection
	GlobalSection(ExtensibilityGlobals) = postSolution
		SolutionGuid = {617928B6-16C5-4FF3-9193-105601878E4B}
	EndGlobalSection
EndGlobal
